
Microsoft Visual Studio Solution File, Format Version 12.00
# Visual Studio Version 17
VisualStudioVersion = 17.11.35312.102
MinimumVisualStudioVersion = 10.0.40219.1
Project("{8BC9CEB8-8B4A-11D0-8D11-00A0C91BC942}") = "OP3", "OP3\OP3.vcxproj", "{2A9D9DBE-5AAE-41D9-912C-8F17ACB04809}"
EndProject
Global
	GlobalSection(SolutionConfigurationPlatforms) = preSolution
		Debug|x64 = Debug|x64
		Debug|x86 = Debug|x86
		Release|x64 = Release|x64
		Release|x86 = Release|x86
	EndGlobalSection
	GlobalSection(ProjectConfigurationPlatforms) = postSolution
		{2A9D9DBE-5AAE-41D9-912C-8F17ACB04809}.Debug|x64.ActiveCfg = Debug|x64
		{2A9D9DBE-5AAE-41D9-912C-8F17ACB04809}.Debug|x64.Build.0 = Debug|x64
		{2A9D9DBE-5AAE-41D9-912C-8F17ACB04809}.Debug|x86.ActiveCfg = Debug|Win32
		{2A9D9DBE-5AAE-41D9-912C-8F17ACB04809}.Debug|x86.Build.0 = Debug|Win32
		{2A9D9DBE-5AAE-41D9-912C-8F17ACB04809}.Release|x64.ActiveCfg = Release|x64
		{2A9D9DBE-5AAE-41D9-912C-8F17ACB04809}.Release|x64.Build.0 = Release|x64
		{2A9D9DBE-5AAE-41D9-912C-8F17ACB04809}.Release|x86.ActiveCfg = Release|Win32
		{2A9D9DBE-5AAE-41D9-912C-8F17ACB04809}.Release|x86.Build.0 = Release|Win32
	EndGlobalSection
	GlobalSection(SolutionProperties) = preSolution
		HideSolutionNode = FALSE
	EndGlobalSection
	GlobalSection(ExtensibilityGlobals) = postSolution
		SolutionGuid = {6895AAF8-D4D3-4125-A402-479CF9FFE9A3}
	EndGlobalSection
EndGlobal
